
Microsoft Visual Studio Solution File, Format Version 12.00
# Visual Studio Version 16
VisualStudioVersion = 16.0.29209.62
MinimumVisualStudioVersion = 10.0.40219.1
Project("{9A19103F-16F7-4668-BE54-9A1E7A4F7556}") = "Endjin.Adr.Cli", "Endjin.Adr.Cli\Endjin.Adr.Cli.csproj", "{5FA259AB-3CB1-4356-9FE3-820F7DDE13DF}"
EndProject
Project("{9A19103F-16F7-4668-BE54-9A1E7A4F7556}") = "Endjin.Adr.Cli.Specs", "Endjin.Adr.Cli.Specs\Endjin.Adr.Cli.Specs.csproj", "{72755AD8-AC2D-47B6-9EBB-5FF84F54809A}"
EndProject
Project("{9A19103F-16F7-4668-BE54-9A1E7A4F7556}") = "Endjin.Adr.Templates", "Endjin.Adr.Templates\Endjin.Adr.Templates.csproj", "{24E6651F-E5C4-44C1-B0E5-12674560CC6A}"
EndProject
Global
	GlobalSection(SolutionConfigurationPlatforms) = preSolution
		Debug|Any CPU = Debug|Any CPU
		Release|Any CPU = Release|Any CPU
	EndGlobalSection
	GlobalSection(ProjectConfigurationPlatforms) = postSolution
		{5FA259AB-3CB1-4356-9FE3-820F7DDE13DF}.Debug|Any CPU.ActiveCfg = Debug|Any CPU
		{5FA259AB-3CB1-4356-9FE3-820F7DDE13DF}.Debug|Any CPU.Build.0 = Debug|Any CPU
		{5FA259AB-3CB1-4356-9FE3-820F7DDE13DF}.Release|Any CPU.ActiveCfg = Release|Any CPU
		{5FA259AB-3CB1-4356-9FE3-820F7DDE13DF}.Release|Any CPU.Build.0 = Release|Any CPU
		{72755AD8-AC2D-47B6-9EBB-5FF84F54809A}.Debug|Any CPU.ActiveCfg = Debug|Any CPU
		{72755AD8-AC2D-47B6-9EBB-5FF84F54809A}.Debug|Any CPU.Build.0 = Debug|Any CPU
		{72755AD8-AC2D-47B6-9EBB-5FF84F54809A}.Release|Any CPU.ActiveCfg = Release|Any CPU
		{72755AD8-AC2D-47B6-9EBB-5FF84F54809A}.Release|Any CPU.Build.0 = Release|Any CPU
		{24E6651F-E5C4-44C1-B0E5-12674560CC6A}.Debug|Any CPU.ActiveCfg = Debug|Any CPU
		{24E6651F-E5C4-44C1-B0E5-12674560CC6A}.Debug|Any CPU.Build.0 = Debug|Any CPU
		{24E6651F-E5C4-44C1-B0E5-12674560CC6A}.Release|Any CPU.ActiveCfg = Release|Any CPU
		{24E6651F-E5C4-44C1-B0E5-12674560CC6A}.Release|Any CPU.Build.0 = Release|Any CPU
	EndGlobalSection
	GlobalSection(SolutionProperties) = preSolution
		HideSolutionNode = FALSE
	EndGlobalSection
	GlobalSection(ExtensibilityGlobals) = postSolution
		SolutionGuid = {0B392B67-B21B-4AFD-BCC2-3EB2AF5E5D33}
	EndGlobalSection
EndGlobal
