{
  "version": 1,
  "dependencies": {
    "net8.0": {
      "Endjin.RecommendedPractices.GitHub": {
        "type": "Direct",
        "requested": "[2.1.7, )",
        "resolved": "2.1.7",
        "contentHash": "7xiydtNIy4sM0c4C/GF/QRXukgVLuWf76VoPQuT0ShLpSeZSfzcmYpAniJrBUyEZp1GT32qQY0kPGTTGPOsISg==",
        "dependencies": {
          "Endjin.RecommendedPractices": "2.1.7",
          "Microsoft.SourceLink.GitHub": "1.1.1"
        }
      },
      "Markdig": {
        "type": "Direct",
        "requested": "[0.33.0, )",
        "resolved": "0.33.0",
        "contentHash": "wwjLxuVZyzOUpQkwMnP2eVOgCZzjHqSNsTOWxLQ1S9J5UIk43vsrgwyUBg1x7AX1MlxWH65Uyfsojm4LBwN6iw=="
      },
      "Microsoft.Extensions.DependencyInjection": {
        "type": "Direct",
        "requested": "[8.0.0, )",
        "resolved": "8.0.0",
        "contentHash": "V8S3bsm50ig6JSyrbcJJ8bW2b9QLGouz+G1miK3UTaOWmMtFwNNNzUf4AleyDWUmTrWMLNnFSLEQtxmxgNQnNQ==",
        "dependencies": {
          "Microsoft.Extensions.DependencyInjection.Abstractions": "8.0.0"
        }
      },
      "NuGet.Common": {
        "type": "Direct",
        "requested": "[6.8.0, )",
        "resolved": "6.8.0",
        "contentHash": "voNZyM5L5s0CCDPU//vXKQke0M8y6kGvG+0Ll6gc/xV7Jh1C3/5OhHRzvekxBS6a9DO/lsFhTZtyCkL6n9lHEw==",
        "dependencies": {
          "NuGet.Frameworks": "6.8.0"
        }
      },
      "NuGet.Packaging.Core": {
        "type": "Direct",
        "requested": "[6.8.0, )",
        "resolved": "6.8.0",
        "contentHash": "5OVq3JPmZSafh7F6COM+U9WkePvd51MTIHVttadWSPP6pxZMST1zdeb7CUuNyVpK0Cd4pspmSiZuNHpWt0JDiA==",
        "dependencies": {
          "NuGet.Packaging": "6.8.0"
        }
      },
      "NuGet.Resolver": {
        "type": "Direct",
        "requested": "[6.8.0, )",
        "resolved": "6.8.0",
        "contentHash": "018r/pi8CPNhpOqXAvq2VT2f7YIdWTxpDDIh5uZFsgDoA8ZRUuYqx2hzj/YQsRy47r+58XX/SUjcog/qKSp6Dg==",
        "dependencies": {
          "NuGet.Protocol": "6.8.0"
        }
      },
      "Spectre.Console": {
        "type": "Direct",
        "requested": "[0.47.0, )",
        "resolved": "0.47.0",
        "contentHash": "wz8mszcZr0cSOo8GyoG9e2DFW0SkMT8/n78Q/lIXX7EbCtHNXOoOKWpJ9Str+rCYtmQOGGyDutZzubrUHK/XkA==",
        "dependencies": {
          "System.Memory": "4.5.5"
        }
      },
      "Spectre.Console.Analyzer": {
        "type": "Direct",
        "requested": "[0.47.0, )",
        "resolved": "0.47.0",
        "contentHash": "B2t1ha50pgEn1er2j5cv9RnJRX0bGhJDubkWr+KOcX5KjwVD83DvLXBVfixkiawuPFvh/Ggm1Wu07Qk96BbazA=="
      },
      "Spectre.Console.Cli": {
        "type": "Direct",
        "requested": "[0.47.0, )",
        "resolved": "0.47.0",
        "contentHash": "S2cZCbve4fAgRtigNUNZbF+NLQJcAapSqSbbDYqLtqXJcIZ6tKiRTveYe05d+oLY2bAmP7sgnLdzVknGXruy2Q==",
        "dependencies": {
          "Spectre.Console": "0.47.0"
        }
      },
      "Spectre.IO": {
        "type": "Direct",
        "requested": "[0.14.0, )",
        "resolved": "0.14.0",
        "contentHash": "w3CGml9G1rGykGq8y2OxIra+/qeHhlnos42AwvcCoqir//njK6lDWjd8Bj3XSkQlLAfKsUmVk2m05tfaPbEgxw=="
      },
      "YamlDotNet": {
        "type": "Direct",
        "requested": "[13.7.1, )",
        "resolved": "13.7.1",
        "contentHash": "X4m1PnFcJwvAj1sCDMntg/eZcX96CJLrWMiYnq41KqhFVZPuw63ZTSxIGqgdCwHWHvCAyTxheELC/VDf1HsU2A=="
      },
      "Endjin.RecommendedPractices": {
        "type": "Transitive",
        "resolved": "2.1.7",
        "contentHash": "NfTX2efpxMsDrRwQ8ykmLpVGBJfRF6xLeMl5r36SKOKsD1xjvlIDNm/SGR7fsjbKITQkjvmaUuNQkBDcH6EGIA==",
        "dependencies": {
          "Microsoft.Build.Tasks.Git": "1.1.1"
        }
      },
      "Microsoft.Build.Tasks.Git": {
        "type": "Transitive",
        "resolved": "1.1.1",
        "contentHash": "AT3HlgTjsqHnWpBHSNeR0KxbLZD7bztlZVj7I8vgeYG9SYqbeFGh0TM/KVtC6fg53nrWHl3VfZFvb5BiQFcY6Q=="
      },
      "Microsoft.Extensions.DependencyInjection.Abstractions": {
        "type": "Transitive",
        "resolved": "8.0.0",
        "contentHash": "cjWrLkJXK0rs4zofsK4bSdg+jhDLTaxrkXu4gS6Y7MAlCvRyNNgwY/lJi5RDlQOnSZweHqoyvgvbdvQsRIW+hg=="
      },
      "Microsoft.SourceLink.Common": {
        "type": "Transitive",
        "resolved": "1.1.1",
        "contentHash": "WMcGpWKrmJmzrNeuaEb23bEMnbtR/vLmvZtkAP5qWu7vQsY59GqfRJd65sFpBszbd2k/bQ8cs8eWawQKAabkVg=="
      },
      "Microsoft.SourceLink.GitHub": {
        "type": "Transitive",
        "resolved": "1.1.1",
        "contentHash": "IaJGnOv/M7UQjRJks7B6p7pbPnOwisYGOIzqCz5ilGFTApZ3ktOR+6zJ12ZRPInulBmdAf1SrGdDG2MU8g6XTw==",
        "dependencies": {
          "Microsoft.Build.Tasks.Git": "1.1.1",
          "Microsoft.SourceLink.Common": "1.1.1"
        }
      },
      "Newtonsoft.Json": {
        "type": "Transitive",
        "resolved": "13.0.3",
        "contentHash": "HrC5BXdl00IP9zeV+0Z848QWPAoCr9P3bDEZguI+gkLcBKAOxix/tLEAAHC+UvDNPv4a2d18lOReHMOagPa+zQ=="
      },
      "NuGet.Configuration": {
        "type": "Transitive",
        "resolved": "6.8.0",
        "contentHash": "FFEoY1L9G+C74HfSYt6epHTIuS5xJ8D+d9LZ5nnqhujMoBlQgHphaCTfRlul+e/bNIkAp1fDObzsGlPmu3CKAg==",
        "dependencies": {
          "NuGet.Common": "6.8.0",
          "System.Security.Cryptography.ProtectedData": "4.4.0"
        }
      },
      "NuGet.Frameworks": {
        "type": "Transitive",
        "resolved": "6.8.0",
        "contentHash": "cN9NyahKgYYScioH4CKn+TYj1eSODxd0RECFnQt6ZmzT6z7PfXlbYpVzbiPsxNgY23iNDMOVkSmOqNZyYxNlQA=="
      },
      "NuGet.Packaging": {
        "type": "Transitive",
        "resolved": "6.8.0",
        "contentHash": "lyDnMCAWtoHNsNKGexIl6yHtyxuvn2j3rpKMrYYf86KwTV+JVY9eFIixNdwEPjBXBzWHQGpDKj9Im8v02t9AQQ==",
        "dependencies": {
          "Newtonsoft.Json": "13.0.3",
          "NuGet.Configuration": "6.8.0",
          "NuGet.Versioning": "6.8.0",
          "System.Security.Cryptography.Pkcs": "6.0.4"
        }
      },
      "NuGet.Protocol": {
        "type": "Transitive",
        "resolved": "6.8.0",
        "contentHash": "Nfvij7QlEevDbuRCXkhCrHk1oJN+mYkmeVzNvS9hxNTmwdtHqB+zhUIMFBlbye3MUicgc4bbtLAwoF+EKjUvcg==",
        "dependencies": {
          "NuGet.Packaging": "6.8.0"
        }
      },
      "NuGet.Versioning": {
        "type": "Transitive",
        "resolved": "6.8.0",
        "contentHash": "WBu15cdv1lqKkPKXDQOEmEzwKemwrczKYlc2jtuZgRYiZ8TG8F4QzPYiE0Q9eVIpMSk8Aky7mUephf19HjBPOw=="
      },
      "System.Formats.Asn1": {
        "type": "Transitive",
        "resolved": "6.0.0",
        "contentHash": "T6fD00dQ3NTbPDy31m4eQUwKW84s03z0N2C8HpOklyeaDgaJPa/TexP4/SkORMSOwc7WhKifnA6Ya33AkzmafA=="
      },
      "System.Memory": {
        "type": "Transitive",
        "resolved": "4.5.5",
        "contentHash": "XIWiDvKPXaTveaB7HVganDlOCRoj03l+jrwNvcge/t8vhGYKvqV+dMv6G4SAX2NoNmN0wZfVPTAlFwZcZvVOUw=="
      },
      "System.Security.Cryptography.Pkcs": {
        "type": "Transitive",
        "resolved": "6.0.4",
        "contentHash": "LGbXi1oUJ9QgCNGXRO9ndzBL/GZgANcsURpMhNR8uO+rca47SZmciS3RSQUvlQRwK3QHZSHNOXzoMUASKA+Anw==",
        "dependencies": {
          "System.Formats.Asn1": "6.0.0"
        }
      },
      "System.Security.Cryptography.ProtectedData": {
        "type": "Transitive",
        "resolved": "4.4.0",
        "contentHash": "cJV7ScGW7EhatRsjehfvvYVBvtiSMKgN8bOVI0bQhnF5bU7vnHVIsH49Kva7i7GWaWYvmEzkYVk1TC+gZYBEog=="
      }
    }
  }
}